<?xml version="1.0" encoding="utf-8"?>
<Project ToolsVersion="4.0" xmlns="http://schemas.microsoft.com/developer/msbuild/2003">
  <ItemGroup>
    <Filter Include="Source Files">
      <UniqueIdentifier>{4FC737F1-C7A5-4376-A066-2A32D752A2FF}</UniqueIdentifier>
      <Extensions>cpp;c;cc;cxx;def;odl;idl;hpj;bat;asm;asmx</Extensions>
    </Filter>
    <Filter Include="Header Files">
      <UniqueIdentifier>{93995380-89BD-4b04-88EB-625FBE52EBFB}</UniqueIdentifier>
      <Extensions>h;hh;hpp;hxx;hm;inl;inc;xsd</Extensions>
    </Filter>
    <Filter Include="Resource Files">
      <UniqueIdentifier>{67DA6AB6-F800-4c08-8B7A-83BB121AAD01}</UniqueIdentifier>
      <Extensions>rc;ico;cur;bmp;dlg;rc2;rct;bin;rgs;gif;jpg;jpeg;jpe;resx;tiff;tif;png;wav;mfcribbon-ms</Extensions>
    </Filter>
  </ItemGroup>
  <ItemGroup>
    <ClCompile Include="..\..\key\HPAVKeyDAK.c">
      <Filter>Source Files</Filter>
    </ClCompile>
    <ClCompile Include="..\..\key\HPAVKeyNID.c">
      <Filter>Source Files</Filter>
    </ClCompile>
    <ClCompile Include="..\..\key\HPAVKeyNMK.c">
      <Filter>Source Files</Filter>
    </ClCompile>
    <ClCompile Include="..\..\key\HPAVKeyOut.c">
      <Filter>Source Files</Filter>
    </ClCompile>
    <ClCompile Include="..\..\key\HPAVKeySHA.c">
      <Filter>Source Files</Filter>
    </ClCompile>
    <ClCompile Include="..\..\key\HPAVKeySpec.c">
      <Filter>Source Files</Filter>
    </ClCompile>
    <ClCompile Include="..\..\key\keys.c">
      <Filter>Source Files</Filter>
    </ClCompile>
    <ClCompile Include="..\..\key\MACPasswords.c">
      <Filter>Source Files</Filter>
    </ClCompile>
    <ClCompile Include="..\..\key\putpwd.c">
      <Filter>Source Files</Filter>
    </ClCompile>
    <ClCompile Include="..\..\key\RNDPasswords.c">
      <Filter>Source Files</Filter>
    </ClCompile>
    <ClCompile Include="..\..\key\SHA256Block.c">
      <Filter>Source Files</Filter>
    </ClCompile>
    <ClCompile Include="..\..\key\SHA256Fetch.c">
      <Filter>Source Files</Filter>
    </ClCompile>
    <ClCompile Include="..\..\key\SHA256Ident.c">
      <Filter>Source Files</Filter>
    </ClCompile>
    <ClCompile Include="..\..\key\SHA256Match.c">
      <Filter>Source Files</Filter>
    </ClCompile>
    <ClCompile Include="..\..\key\SHA256Print.c">
      <Filter>Source Files</Filter>
    </ClCompile>
    <ClCompile Include="..\..\key\SHA256Reset.c">
      <Filter>Source Files</Filter>
    </ClCompile>
    <ClCompile Include="..\..\key\SHA256Write.c">
      <Filter>Source Files</Filter>
    </ClCompile>
    <ClCompile Include="..\..\key\strnpwd.c">
      <Filter>Source Files</Filter>
    </ClCompile>
  </ItemGroup>
</Project>