<?xml version="1.0" encoding="utf-8"?>
<Project ToolsVersion="4.0" xmlns="http://schemas.microsoft.com/developer/msbuild/2003">
  <ItemGroup>
    <Filter Include="Source Files">
      <UniqueIdentifier>{4FC737F1-C7A5-4376-A066-2A32D752A2FF}</UniqueIdentifier>
      <Extensions>cpp;c;cc;cxx;def;odl;idl;hpj;bat;asm;asmx</Extensions>
    </Filter>
    <Filter Include="Header Files">
      <UniqueIdentifier>{93995380-89BD-4b04-88EB-625FBE52EBFB}</UniqueIdentifier>
      <Extensions>h;hh;hpp;hxx;hm;inl;inc;xsd</Extensions>
    </Filter>
    <Filter Include="Resource Files">
      <UniqueIdentifier>{67DA6AB6-F800-4c08-8B7A-83BB121AAD01}</UniqueIdentifier>
      <Extensions>rc;ico;cur;bmp;dlg;rc2;rct;bin;rgs;gif;jpg;jpeg;jpe;resx;tiff;tif;png;wav;mfcribbon-ms</Extensions>
    </Filter>
  </ItemGroup>
  <ItemGroup>
    <ClCompile Include="..\..\plc\Antiphon.c">
      <Filter>Source Files</Filter>
    </ClCompile>
    <ClCompile Include="..\..\plc\Attributes.c">
      <Filter>Source Files</Filter>
    </ClCompile>
    <ClCompile Include="..\..\plc\Attributes1.c">
      <Filter>Source Files</Filter>
    </ClCompile>
    <ClCompile Include="..\..\plc\Attributes2.c">
      <Filter>Source Files</Filter>
    </ClCompile>
    <ClCompile Include="..\..\plc\BootDevice.c">
      <Filter>Source Files</Filter>
    </ClCompile>
    <ClCompile Include="..\..\plc\BootDevice1.c">
      <Filter>Source Files</Filter>
    </ClCompile>
    <ClCompile Include="..\..\plc\BootDevice2.c">
      <Filter>Source Files</Filter>
    </ClCompile>
    <ClCompile Include="..\..\plc\BootFirmware1.c">
      <Filter>Source Files</Filter>
    </ClCompile>
    <ClCompile Include="..\..\plc\BootFirmware2.c">
      <Filter>Source Files</Filter>
    </ClCompile>
    <ClCompile Include="..\..\plc\BootParameters1.c">
      <Filter>Source Files</Filter>
    </ClCompile>
    <ClCompile Include="..\..\plc\BootParameters2.c">
      <Filter>Source Files</Filter>
    </ClCompile>
    <ClCompile Include="..\..\plc\ChangeIdent.c">
      <Filter>Source Files</Filter>
    </ClCompile>
    <ClCompile Include="..\..\plc\chipset.c">
      <Filter>Source Files</Filter>
    </ClCompile>
    <ClCompile Include="..\..\plc\Confirm.c">
      <Filter>Source Files</Filter>
    </ClCompile>
    <ClCompile Include="..\..\plc\DeviceIdent.c">
      <Filter>Source Files</Filter>
    </ClCompile>
    <ClCompile Include="..\..\plc\Devices.c">
      <Filter>Source Files</Filter>
    </ClCompile>
    <ClCompile Include="..\..\plc\Display.c">
      <Filter>Source Files</Filter>
    </ClCompile>
    <ClCompile Include="..\..\plc\EmulateHost.c">
      <Filter>Source Files</Filter>
    </ClCompile>
    <ClCompile Include="..\..\plc\EmulateHost64.c">
      <Filter>Source Files</Filter>
    </ClCompile>
    <ClCompile Include="..\..\plc\ExecuteApplets.c">
      <Filter>Source Files</Filter>
    </ClCompile>
    <ClCompile Include="..\..\plc\ExecuteApplets1.c">
      <Filter>Source Files</Filter>
    </ClCompile>
    <ClCompile Include="..\..\plc\ExecuteApplets2.c">
      <Filter>Source Files</Filter>
    </ClCompile>
    <ClCompile Include="..\..\plc\FactoryDefaults.c">
      <Filter>Source Files</Filter>
    </ClCompile>
    <ClCompile Include="..\..\plc\FactoryReset.c">
      <Filter>Source Files</Filter>
    </ClCompile>
    <ClCompile Include="..\..\plc\Failure.c">
      <Filter>Source Files</Filter>
    </ClCompile>
    <ClCompile Include="..\..\plc\FlashDevice1.c">
      <Filter>Source Files</Filter>
    </ClCompile>
    <ClCompile Include="..\..\plc\FlashDevice2.c">
      <Filter>Source Files</Filter>
    </ClCompile>
    <ClCompile Include="..\..\plc\FlashFirmware.c">
      <Filter>Source Files</Filter>
    </ClCompile>
    <ClCompile Include="..\..\plc\FlashMOD.c">
      <Filter>Source Files</Filter>
    </ClCompile>
    <ClCompile Include="..\..\plc\FlashNVM.c">
      <Filter>Source Files</Filter>
    </ClCompile>
    <ClCompile Include="..\..\plc\FlashParameters.c">
      <Filter>Source Files</Filter>
    </ClCompile>
    <ClCompile Include="..\..\plc\FlashSoftloader.c">
      <Filter>Source Files</Filter>
    </ClCompile>
    <ClCompile Include="..\..\plc\GetProperty.c">
      <Filter>Source Files</Filter>
    </ClCompile>
    <ClCompile Include="..\..\plc\HostActionIndicate.c">
      <Filter>Source Files</Filter>
    </ClCompile>
    <ClCompile Include="..\..\plc\HostActionResponse.c">
      <Filter>Source Files</Filter>
    </ClCompile>
    <ClCompile Include="..\..\plc\Identity.c">
      <Filter>Source Files</Filter>
    </ClCompile>
    <ClCompile Include="..\..\plc\Identity1.c">
      <Filter>Source Files</Filter>
    </ClCompile>
    <ClCompile Include="..\..\plc\Identity2.c">
      <Filter>Source Files</Filter>
    </ClCompile>
    <ClCompile Include="..\..\plc\InitDevice.c">
      <Filter>Source Files</Filter>
    </ClCompile>
    <ClCompile Include="..\..\plc\InitDevice1.c">
      <Filter>Source Files</Filter>
    </ClCompile>
    <ClCompile Include="..\..\plc\InitDevice2.c">
      <Filter>Source Files</Filter>
    </ClCompile>
    <ClCompile Include="..\..\plc\LinkStatistics.c">
      <Filter>Source Files</Filter>
    </ClCompile>
    <ClCompile Include="..\..\plc\LinkStatus.c">
      <Filter>Source Files</Filter>
    </ClCompile>
    <ClCompile Include="..\..\plc\ListLocalDevices.c">
      <Filter>Source Files</Filter>
    </ClCompile>
    <ClCompile Include="..\..\plc\ListRemoteDevices.c">
      <Filter>Source Files</Filter>
    </ClCompile>
    <ClCompile Include="..\..\plc\ListRemoteDevices1.c">
      <Filter>Source Files</Filter>
    </ClCompile>
    <ClCompile Include="..\..\plc\ListRemoteDevices2.c">
      <Filter>Source Files</Filter>
    </ClCompile>
    <ClCompile Include="..\..\plc\LocalDeviceList.c">
      <Filter>Source Files</Filter>
    </ClCompile>
    <ClCompile Include="..\..\plc\LocalDevices.c">
      <Filter>Source Files</Filter>
    </ClCompile>
    <ClCompile Include="..\..\plc\MakeRule.c">
      <Filter>Source Files</Filter>
    </ClCompile>
    <ClCompile Include="..\..\plc\MDUTrafficStats.c">
      <Filter>Source Files</Filter>
    </ClCompile>
    <ClCompile Include="..\..\plc\ModuleCommit.c">
      <Filter>Source Files</Filter>
    </ClCompile>
    <ClCompile Include="..\..\plc\ModuleDump.c">
      <Filter>Source Files</Filter>
    </ClCompile>
    <ClCompile Include="..\..\plc\ModuleRead.c">
      <Filter>Source Files</Filter>
    </ClCompile>
    <ClCompile Include="..\..\plc\ModuleSession.c">
      <Filter>Source Files</Filter>
    </ClCompile>
    <ClCompile Include="..\..\plc\ModuleSpec.c">
      <Filter>Source Files</Filter>
    </ClCompile>
    <ClCompile Include="..\..\plc\ModuleWrite.c">
      <Filter>Source Files</Filter>
    </ClCompile>
    <ClCompile Include="..\..\plc\NetInfo.c">
      <Filter>Source Files</Filter>
    </ClCompile>
    <ClCompile Include="..\..\plc\NetInfo1.c">
      <Filter>Source Files</Filter>
    </ClCompile>
    <ClCompile Include="..\..\plc\NetInfo2.c">
      <Filter>Source Files</Filter>
    </ClCompile>
    <ClCompile Include="..\..\plc\NetworkDevices.c">
      <Filter>Source Files</Filter>
    </ClCompile>
    <ClCompile Include="..\..\plc\NetworkDevices1.c">
      <Filter>Source Files</Filter>
    </ClCompile>
    <ClCompile Include="..\..\plc\NetworkDevices2.c">
      <Filter>Source Files</Filter>
    </ClCompile>
    <ClCompile Include="..\..\plc\NetworkInformation.c">
      <Filter>Source Files</Filter>
    </ClCompile>
    <ClCompile Include="..\..\plc\NetworkInformation1.c">
      <Filter>Source Files</Filter>
    </ClCompile>
    <ClCompile Include="..\..\plc\NetworkInformation2.c">
      <Filter>Source Files</Filter>
    </ClCompile>
    <ClCompile Include="..\..\plc\NetworkTraffic.c">
      <Filter>Source Files</Filter>
    </ClCompile>
    <ClCompile Include="..\..\plc\NetworkTraffic1.c">
      <Filter>Source Files</Filter>
    </ClCompile>
    <ClCompile Include="..\..\plc\NetworkTraffic2.c">
      <Filter>Source Files</Filter>
    </ClCompile>
    <ClCompile Include="..\..\plc\NVMSelect.c">
      <Filter>Source Files</Filter>
    </ClCompile>
    <ClCompile Include="..\..\plc\NVRAMInfo.c">
      <Filter>Source Files</Filter>
    </ClCompile>
    <ClCompile Include="..\..\plc\ParseRule.c">
      <Filter>Source Files</Filter>
    </ClCompile>
    <ClCompile Include="..\..\plc\PhyRates.c">
      <Filter>Source Files</Filter>
    </ClCompile>
    <ClCompile Include="..\..\plc\PhyRates1.c">
      <Filter>Source Files</Filter>
    </ClCompile>
    <ClCompile Include="..\..\plc\PhyRates2.c">
      <Filter>Source Files</Filter>
    </ClCompile>
    <ClCompile Include="..\..\plc\Platform.c">
      <Filter>Source Files</Filter>
    </ClCompile>
    <ClCompile Include="..\..\plc\PLCNetworkInfo.c">
      <Filter>Source Files</Filter>
    </ClCompile>
    <ClCompile Include="..\..\plc\PLCPhyRates.c">
      <Filter>Source Files</Filter>
    </ClCompile>
    <ClCompile Include="..\..\plc\PLCReadParameterBlock.c">
      <Filter>Source Files</Filter>
    </ClCompile>
    <ClCompile Include="..\..\plc\PLCSelect.c">
      <Filter>Source Files</Filter>
    </ClCompile>
    <ClCompile Include="..\..\plc\PLCTopologyPrint.c">
      <Filter>Source Files</Filter>
    </ClCompile>
    <ClCompile Include="..\..\plc\PrintRule.c">
      <Filter>Source Files</Filter>
    </ClCompile>
    <ClCompile Include="..\..\plc\PushButton.c">
      <Filter>Source Files</Filter>
    </ClCompile>
    <ClCompile Include="..\..\plc\ReadFirmware.c">
      <Filter>Source Files</Filter>
    </ClCompile>
    <ClCompile Include="..\..\plc\ReadFirmware1.c">
      <Filter>Source Files</Filter>
    </ClCompile>
    <ClCompile Include="..\..\plc\ReadFirmware2.c">
      <Filter>Source Files</Filter>
    </ClCompile>
    <ClCompile Include="..\..\plc\ReadFMI.c">
      <Filter>Source Files</Filter>
    </ClCompile>
    <ClCompile Include="..\..\plc\ReadMFG.c">
      <Filter>Source Files</Filter>
    </ClCompile>
    <ClCompile Include="..\..\plc\ReadMME.c">
      <Filter>Source Files</Filter>
    </ClCompile>
    <ClCompile Include="..\..\plc\ReadNVM.c">
      <Filter>Source Files</Filter>
    </ClCompile>
    <ClCompile Include="..\..\plc\ReadParameterBlock.c">
      <Filter>Source Files</Filter>
    </ClCompile>
    <ClCompile Include="..\..\plc\ReadParameters.c">
      <Filter>Source Files</Filter>
    </ClCompile>
    <ClCompile Include="..\..\plc\ReadParameters1.c">
      <Filter>Source Files</Filter>
    </ClCompile>
    <ClCompile Include="..\..\plc\ReadParameters2.c">
      <Filter>Source Files</Filter>
    </ClCompile>
    <ClCompile Include="..\..\plc\ReadRules.c">
      <Filter>Source Files</Filter>
    </ClCompile>
    <ClCompile Include="..\..\plc\RemoteHosts.c">
      <Filter>Source Files</Filter>
    </ClCompile>
    <ClCompile Include="..\..\plc\Request.c">
      <Filter>Source Files</Filter>
    </ClCompile>
    <ClCompile Include="..\..\plc\ResetAndWait.c">
      <Filter>Source Files</Filter>
    </ClCompile>
    <ClCompile Include="..\..\plc\ResetDevice.c">
      <Filter>Source Files</Filter>
    </ClCompile>
    <ClCompile Include="..\..\plc\rules.c">
      <Filter>Source Files</Filter>
    </ClCompile>
    <ClCompile Include="..\..\plc\RxRates1.c">
      <Filter>Source Files</Filter>
    </ClCompile>
    <ClCompile Include="..\..\plc\RxRates2.c">
      <Filter>Source Files</Filter>
    </ClCompile>
    <ClCompile Include="..\..\plc\SDRAMInfo.c">
      <Filter>Source Files</Filter>
    </ClCompile>
    <ClCompile Include="..\..\plc\SendMME.c">
      <Filter>Source Files</Filter>
    </ClCompile>
    <ClCompile Include="..\..\plc\SetNMK.c">
      <Filter>Source Files</Filter>
    </ClCompile>
    <ClCompile Include="..\..\plc\SetProperty.c">
      <Filter>Source Files</Filter>
    </ClCompile>
    <ClCompile Include="..\..\plc\SignalToNoise1.c">
      <Filter>Source Files</Filter>
    </ClCompile>
    <ClCompile Include="..\..\plc\SignalToNoise2.c">
      <Filter>Source Files</Filter>
    </ClCompile>
    <ClCompile Include="..\..\plc\SlaveMembership.c">
      <Filter>Source Files</Filter>
    </ClCompile>
    <ClCompile Include="..\..\plc\StartDevice1.c">
      <Filter>Source Files</Filter>
    </ClCompile>
    <ClCompile Include="..\..\plc\StartFirmware.c">
      <Filter>Source Files</Filter>
    </ClCompile>
    <ClCompile Include="..\..\plc\StartFirmware1.c">
      <Filter>Source Files</Filter>
    </ClCompile>
    <ClCompile Include="..\..\plc\StartFirmware2.c">
      <Filter>Source Files</Filter>
    </ClCompile>
    <ClCompile Include="..\..\plc\StationRole.c">
      <Filter>Source Files</Filter>
    </ClCompile>
    <ClCompile Include="..\..\plc\ToneMaps1.c">
      <Filter>Source Files</Filter>
    </ClCompile>
    <ClCompile Include="..\..\plc\ToneMaps2.c">
      <Filter>Source Files</Filter>
    </ClCompile>
    <ClCompile Include="..\..\plc\Topology.c">
      <Filter>Source Files</Filter>
    </ClCompile>
    <ClCompile Include="..\..\plc\Topology1.c">
      <Filter>Source Files</Filter>
    </ClCompile>
    <ClCompile Include="..\..\plc\Topology2.c">
      <Filter>Source Files</Filter>
    </ClCompile>
    <ClCompile Include="..\..\plc\Traffic.c">
      <Filter>Source Files</Filter>
    </ClCompile>
    <ClCompile Include="..\..\plc\Traffic1.c">
      <Filter>Source Files</Filter>
    </ClCompile>
    <ClCompile Include="..\..\plc\Traffic2.c">
      <Filter>Source Files</Filter>
    </ClCompile>
    <ClCompile Include="..\..\plc\Transmit.c">
      <Filter>Source Files</Filter>
    </ClCompile>
    <ClCompile Include="..\..\plc\UpgradeDevice1.c">
      <Filter>Source Files</Filter>
    </ClCompile>
    <ClCompile Include="..\..\plc\VersionInfo1.c">
      <Filter>Source Files</Filter>
    </ClCompile>
    <ClCompile Include="..\..\plc\VersionInfo2.c">
      <Filter>Source Files</Filter>
    </ClCompile>
    <ClCompile Include="..\..\plc\WaitForReset.c">
      <Filter>Source Files</Filter>
    </ClCompile>
    <ClCompile Include="..\..\plc\WaitForRestart.c">
      <Filter>Source Files</Filter>
    </ClCompile>
    <ClCompile Include="..\..\plc\WaitForStart.c">
      <Filter>Source Files</Filter>
    </ClCompile>
    <ClCompile Include="..\..\plc\WatchdogReport.c">
      <Filter>Source Files</Filter>
    </ClCompile>
    <ClCompile Include="..\..\plc\WriteCFG.c">
      <Filter>Source Files</Filter>
    </ClCompile>
    <ClCompile Include="..\..\plc\WriteExecuteApplet2.c">
      <Filter>Source Files</Filter>
    </ClCompile>
    <ClCompile Include="..\..\plc\WriteExecuteFirmware.c">
      <Filter>Source Files</Filter>
    </ClCompile>
    <ClCompile Include="..\..\plc\WriteExecuteFirmware1.c">
      <Filter>Source Files</Filter>
    </ClCompile>
    <ClCompile Include="..\..\plc\WriteExecuteFirmware2.c">
      <Filter>Source Files</Filter>
    </ClCompile>
    <ClCompile Include="..\..\plc\WriteExecuteParameters.c">
      <Filter>Source Files</Filter>
    </ClCompile>
    <ClCompile Include="..\..\plc\WriteExecuteParameters1.c">
      <Filter>Source Files</Filter>
    </ClCompile>
    <ClCompile Include="..\..\plc\WriteExecuteParameters2.c">
      <Filter>Source Files</Filter>
    </ClCompile>
    <ClCompile Include="..\..\plc\WriteExecutePIB.c">
      <Filter>Source Files</Filter>
    </ClCompile>
    <ClCompile Include="..\..\plc\WriteFirmware.c">
      <Filter>Source Files</Filter>
    </ClCompile>
    <ClCompile Include="..\..\plc\WriteFirmware1.c">
      <Filter>Source Files</Filter>
    </ClCompile>
    <ClCompile Include="..\..\plc\WriteFirmware2.c">
      <Filter>Source Files</Filter>
    </ClCompile>
    <ClCompile Include="..\..\plc\WriteMEM.c">
      <Filter>Source Files</Filter>
    </ClCompile>
    <ClCompile Include="..\..\plc\WriteMOD.c">
      <Filter>Source Files</Filter>
    </ClCompile>
    <ClCompile Include="..\..\plc\WriteNVM.c">
      <Filter>Source Files</Filter>
    </ClCompile>
    <ClCompile Include="..\..\plc\WriteParameters.c">
      <Filter>Source Files</Filter>
    </ClCompile>
    <ClCompile Include="..\..\plc\WriteParameters1.c">
      <Filter>Source Files</Filter>
    </ClCompile>
    <ClCompile Include="..\..\plc\WriteParameters2.c">
      <Filter>Source Files</Filter>
    </ClCompile>
    <ClCompile Include="..\..\plc\WritePIB.c">
      <Filter>Source Files</Filter>
    </ClCompile>
  </ItemGroup>
</Project>